
Microsoft Visual Studio Solution File, Format Version 12.00
# Visual Studio 2012
Project("{FAE04EC0-301F-11D3-BF4B-00C04F79EFBC}") = "SparkNexxaLeadsImport", "SparkNexxaLeadsImport\SparkNexxaLeadsImport.csproj", "{E54D2710-CF12-4A3F-8752-BE70B5AE188B}"
EndProject
Global
	GlobalSection(TeamFoundationVersionControl) = preSolution
		SccNumberOfProjects = 2
		SccEnterpriseProvider = {4CA58AB2-18FA-4F8D-95D4-32DDF27D184C}
		SccTeamFoundationServer = https://calibrus.visualstudio.com/defaultcollection
		SccLocalPath0 = .
		SccProjectUniqueName1 = SparkNexxaLeadsImport\\SparkNexxaLeadsImport.csproj
		SccProjectName1 = SparkNexxaLeadsImport
		SccLocalPath1 = SparkNexxaLeadsImport
	EndGlobalSection
	GlobalSection(SolutionConfigurationPlatforms) = preSolution
		Debug|Any CPU = Debug|Any CPU
		Release|Any CPU = Release|Any CPU
	EndGlobalSection
	GlobalSection(ProjectConfigurationPlatforms) = postSolution
		{E54D2710-CF12-4A3F-8752-BE70B5AE188B}.Debug|Any CPU.ActiveCfg = Debug|Any CPU
		{E54D2710-CF12-4A3F-8752-BE70B5AE188B}.Debug|Any CPU.Build.0 = Debug|Any CPU
		{E54D2710-CF12-4A3F-8752-BE70B5AE188B}.Release|Any CPU.ActiveCfg = Release|Any CPU
		{E54D2710-CF12-4A3F-8752-BE70B5AE188B}.Release|Any CPU.Build.0 = Release|Any CPU
	EndGlobalSection
	GlobalSection(SolutionProperties) = preSolution
		HideSolutionNode = FALSE
	EndGlobalSection
EndGlobal
