
Microsoft Visual Studio Solution File, Format Version 12.00
# Visual Studio 2012
Project("{FAE04EC0-301F-11D3-BF4B-00C04F79EFBC}") = "ConstellationSecurityCheck", "ConstellationSecurityCheck\ConstellationSecurityCheck.csproj", "{AB1F5FF8-54C4-445C-87A1-2AB8916D0DDA}"
EndProject
Global
	GlobalSection(TeamFoundationVersionControl) = preSolution
		SccNumberOfProjects = 2
		SccEnterpriseProvider = {4CA58AB2-18FA-4F8D-95D4-32DDF27D184C}
		SccTeamFoundationServer = https://calibrus.visualstudio.com/defaultcollection
		SccLocalPath0 = .
		SccProjectUniqueName1 = ConstellationSecurityCheck\\ConstellationSecurityCheck.csproj
		SccProjectName1 = ConstellationSecurityCheck
		SccLocalPath1 = ConstellationSecurityCheck
	EndGlobalSection
	GlobalSection(SolutionConfigurationPlatforms) = preSolution
		Debug|Any CPU = Debug|Any CPU
		Release|Any CPU = Release|Any CPU
	EndGlobalSection
	GlobalSection(ProjectConfigurationPlatforms) = postSolution
		{AB1F5FF8-54C4-445C-87A1-2AB8916D0DDA}.Debug|Any CPU.ActiveCfg = Debug|Any CPU
		{AB1F5FF8-54C4-445C-87A1-2AB8916D0DDA}.Debug|Any CPU.Build.0 = Debug|Any CPU
		{AB1F5FF8-54C4-445C-87A1-2AB8916D0DDA}.Release|Any CPU.ActiveCfg = Release|Any CPU
		{AB1F5FF8-54C4-445C-87A1-2AB8916D0DDA}.Release|Any CPU.Build.0 = Release|Any CPU
	EndGlobalSection
	GlobalSection(SolutionProperties) = preSolution
		HideSolutionNode = FALSE
	EndGlobalSection
EndGlobal
