
Microsoft Visual Studio Solution File, Format Version 12.00
# Visual Studio 2012
Project("{FAE04EC0-301F-11D3-BF4B-00C04F79EFBC}") = "LibertyNightlyVerifiedTPVCSV", "LibertyNightlyVerifiedTPVCSV\LibertyNightlyVerifiedTPVCSV.csproj", "{76952666-63CA-443F-BF80-10AE3E023EDB}"
EndProject
Global
	GlobalSection(TeamFoundationVersionControl) = preSolution
		SccNumberOfProjects = 2
		SccEnterpriseProvider = {4CA58AB2-18FA-4F8D-95D4-32DDF27D184C}
		SccTeamFoundationServer = https://calibrus.visualstudio.com/defaultcollection
		SccLocalPath0 = .
		SccProjectUniqueName1 = LibertyNightlyVerifiedTPVCSV\\LibertyNightlyVerifiedTPVCSV.csproj
		SccProjectName1 = LibertyNightlyVerifiedTPVCSV
		SccLocalPath1 = LibertyNightlyVerifiedTPVCSV
	EndGlobalSection
	GlobalSection(SolutionConfigurationPlatforms) = preSolution
		Debug|Any CPU = Debug|Any CPU
		Release|Any CPU = Release|Any CPU
	EndGlobalSection
	GlobalSection(ProjectConfigurationPlatforms) = postSolution
		{76952666-63CA-443F-BF80-10AE3E023EDB}.Debug|Any CPU.ActiveCfg = Debug|Any CPU
		{76952666-63CA-443F-BF80-10AE3E023EDB}.Debug|Any CPU.Build.0 = Debug|Any CPU
		{76952666-63CA-443F-BF80-10AE3E023EDB}.Release|Any CPU.ActiveCfg = Release|Any CPU
		{76952666-63CA-443F-BF80-10AE3E023EDB}.Release|Any CPU.Build.0 = Release|Any CPU
	EndGlobalSection
	GlobalSection(SolutionProperties) = preSolution
		HideSolutionNode = FALSE
	EndGlobalSection
EndGlobal
