
Microsoft Visual Studio Solution File, Format Version 12.00
# Visual Studio 2012
Project("{FAE04EC0-301F-11D3-BF4B-00C04F79EFBC}") = "ClearviewNexxaLeadsImport", "ClearviewNexxaLeadsImport\ClearviewNexxaLeadsImport.csproj", "{BAE5658F-FA4C-45D8-AEA5-BDBD6095833E}"
EndProject
Global
	GlobalSection(TeamFoundationVersionControl) = preSolution
		SccNumberOfProjects = 2
		SccEnterpriseProvider = {4CA58AB2-18FA-4F8D-95D4-32DDF27D184C}
		SccTeamFoundationServer = https://calibrus.visualstudio.com/
		SccLocalPath0 = .
		SccProjectUniqueName1 = ClearviewNexxaLeadsImport\\ClearviewNexxaLeadsImport.csproj
		SccProjectName1 = ClearviewNexxaLeadsImport
		SccLocalPath1 = ClearviewNexxaLeadsImport
	EndGlobalSection
	GlobalSection(SolutionConfigurationPlatforms) = preSolution
		Debug|Any CPU = Debug|Any CPU
		Release|Any CPU = Release|Any CPU
	EndGlobalSection
	GlobalSection(ProjectConfigurationPlatforms) = postSolution
		{BAE5658F-FA4C-45D8-AEA5-BDBD6095833E}.Debug|Any CPU.ActiveCfg = Debug|Any CPU
		{BAE5658F-FA4C-45D8-AEA5-BDBD6095833E}.Debug|Any CPU.Build.0 = Debug|Any CPU
		{BAE5658F-FA4C-45D8-AEA5-BDBD6095833E}.Release|Any CPU.ActiveCfg = Release|Any CPU
		{BAE5658F-FA4C-45D8-AEA5-BDBD6095833E}.Release|Any CPU.Build.0 = Release|Any CPU
	EndGlobalSection
	GlobalSection(SolutionProperties) = preSolution
		HideSolutionNode = FALSE
	EndGlobalSection
EndGlobal
