
Microsoft Visual Studio Solution File, Format Version 12.00
# Visual Studio 14
VisualStudioVersion = 14.0.25420.1
MinimumVisualStudioVersion = 10.0.40219.1
Project("{FAE04EC0-301F-11D3-BF4B-00C04F79EFBC}") = "ConAppFolderFileFinder", "ConAppFolderFileFinder\ConAppFolderFileFinder.csproj", "{23B5126B-C497-4F8A-A843-5A0B379EBB53}"
EndProject
Project("{FAE04EC0-301F-11D3-BF4B-00C04F79EFBC}") = "ConAppAlgolia", "ConAppAlgolia\ConAppAlgolia.csproj", "{99E57FF9-DD24-4B47-A69B-4ED1493A07DD}"
EndProject
Project("{FAE04EC0-301F-11D3-BF4B-00C04F79EFBC}") = "ConAppAlgoliaSBC", "ConAppAlgoliaSBC\ConAppAlgoliaSBC.csproj", "{37C8BB07-9B09-4726-B159-5A59931E61FE}"
EndProject
Global
	GlobalSection(SolutionConfigurationPlatforms) = preSolution
		Debug|Any CPU = Debug|Any CPU
		Release|Any CPU = Release|Any CPU
	EndGlobalSection
	GlobalSection(ProjectConfigurationPlatforms) = postSolution
		{23B5126B-C497-4F8A-A843-5A0B379EBB53}.Debug|Any CPU.ActiveCfg = Debug|Any CPU
		{23B5126B-C497-4F8A-A843-5A0B379EBB53}.Debug|Any CPU.Build.0 = Debug|Any CPU
		{23B5126B-C497-4F8A-A843-5A0B379EBB53}.Release|Any CPU.ActiveCfg = Release|Any CPU
		{23B5126B-C497-4F8A-A843-5A0B379EBB53}.Release|Any CPU.Build.0 = Release|Any CPU
		{99E57FF9-DD24-4B47-A69B-4ED1493A07DD}.Debug|Any CPU.ActiveCfg = Debug|Any CPU
		{99E57FF9-DD24-4B47-A69B-4ED1493A07DD}.Debug|Any CPU.Build.0 = Debug|Any CPU
		{99E57FF9-DD24-4B47-A69B-4ED1493A07DD}.Release|Any CPU.ActiveCfg = Release|Any CPU
		{99E57FF9-DD24-4B47-A69B-4ED1493A07DD}.Release|Any CPU.Build.0 = Release|Any CPU
		{37C8BB07-9B09-4726-B159-5A59931E61FE}.Debug|Any CPU.ActiveCfg = Debug|Any CPU
		{37C8BB07-9B09-4726-B159-5A59931E61FE}.Debug|Any CPU.Build.0 = Debug|Any CPU
		{37C8BB07-9B09-4726-B159-5A59931E61FE}.Release|Any CPU.ActiveCfg = Release|Any CPU
		{37C8BB07-9B09-4726-B159-5A59931E61FE}.Release|Any CPU.Build.0 = Release|Any CPU
	EndGlobalSection
	GlobalSection(SolutionProperties) = preSolution
		HideSolutionNode = FALSE
	EndGlobalSection
EndGlobal
