
Microsoft Visual Studio Solution File, Format Version 12.00
# Visual Studio 2012
Project("{F14B399A-7131-4C87-9E4B-1186C45EF12D}") = "LibertyPortalSSRSReport", "LibertyPortalSSRSReport\LibertyPortalSSRSReport.rptproj", "{095DF124-EA2D-4F57-B17A-32093A4C8B98}"
EndProject
Global
	GlobalSection(TeamFoundationVersionControl) = preSolution
		SccNumberOfProjects = 2
		SccEnterpriseProvider = {4CA58AB2-18FA-4F8D-95D4-32DDF27D184C}
		SccTeamFoundationServer = https://calibrus.visualstudio.com/defaultcollection
		SccLocalPath0 = .
		SccProjectUniqueName1 = LibertyPortalSSRSReport\\LibertyPortalSSRSReport.rptproj
		SccProjectName1 = LibertyPortalSSRSReport
		SccLocalPath1 = LibertyPortalSSRSReport
	EndGlobalSection
	GlobalSection(SolutionConfigurationPlatforms) = preSolution
		Debug|Default = Debug|Default
		DebugLocal|Default = DebugLocal|Default
		Release|Default = Release|Default
	EndGlobalSection
	GlobalSection(ProjectConfigurationPlatforms) = postSolution
		{095DF124-EA2D-4F57-B17A-32093A4C8B98}.Debug|Default.ActiveCfg = Debug
		{095DF124-EA2D-4F57-B17A-32093A4C8B98}.Debug|Default.Build.0 = Debug
		{095DF124-EA2D-4F57-B17A-32093A4C8B98}.Debug|Default.Deploy.0 = Debug
		{095DF124-EA2D-4F57-B17A-32093A4C8B98}.DebugLocal|Default.ActiveCfg = DebugLocal
		{095DF124-EA2D-4F57-B17A-32093A4C8B98}.DebugLocal|Default.Build.0 = DebugLocal
		{095DF124-EA2D-4F57-B17A-32093A4C8B98}.Release|Default.ActiveCfg = Release
		{095DF124-EA2D-4F57-B17A-32093A4C8B98}.Release|Default.Build.0 = Release
		{095DF124-EA2D-4F57-B17A-32093A4C8B98}.Release|Default.Deploy.0 = Release
	EndGlobalSection
	GlobalSection(SolutionProperties) = preSolution
		HideSolutionNode = FALSE
	EndGlobalSection
EndGlobal
