
Microsoft Visual Studio Solution File, Format Version 12.00
# Visual Studio 2012
Project("{FAE04EC0-301F-11D3-BF4B-00C04F79EFBC}") = "ConstellationExcelReports_POC", "ConstellationExcelReports_POC\ConstellationExcelReports_POC.csproj", "{C5BCF61E-88A8-48FB-B794-780B18883410}"
EndProject
Global
	GlobalSection(TeamFoundationVersionControl) = preSolution
		SccNumberOfProjects = 2
		SccEnterpriseProvider = {4CA58AB2-18FA-4F8D-95D4-32DDF27D184C}
		SccTeamFoundationServer = https://calibrus.visualstudio.com/defaultcollection
		SccLocalPath0 = .
		SccProjectUniqueName1 = ConstellationExcelReports_POC\\ConstellationExcelReports_POC.csproj
		SccProjectName1 = ConstellationExcelReports_POC
		SccLocalPath1 = ConstellationExcelReports_POC
	EndGlobalSection
	GlobalSection(SolutionConfigurationPlatforms) = preSolution
		Debug|Any CPU = Debug|Any CPU
		Release|Any CPU = Release|Any CPU
	EndGlobalSection
	GlobalSection(ProjectConfigurationPlatforms) = postSolution
		{C5BCF61E-88A8-48FB-B794-780B18883410}.Debug|Any CPU.ActiveCfg = Debug|Any CPU
		{C5BCF61E-88A8-48FB-B794-780B18883410}.Debug|Any CPU.Build.0 = Debug|Any CPU
		{C5BCF61E-88A8-48FB-B794-780B18883410}.Release|Any CPU.ActiveCfg = Release|Any CPU
		{C5BCF61E-88A8-48FB-B794-780B18883410}.Release|Any CPU.Build.0 = Release|Any CPU
	EndGlobalSection
	GlobalSection(SolutionProperties) = preSolution
		HideSolutionNode = FALSE
	EndGlobalSection
EndGlobal
